
Microsoft Visual Studio Solution File, Format Version 12.00
# Visual Studio 15
VisualStudioVersion = 15.0.26730.15
MinimumVisualStudioVersion = 10.0.40219.1
Project("{FAE04EC0-301F-11D3-BF4B-00C04F79EFBC}") = "kicktrunk.web", "kicktrunk.web\kicktrunk.web.csproj", "{9438CE9D-F986-4119-AFA1-1EF202240081}"
EndProject
Project("{E53339B2-1760-4266-BCC7-CA923CBCF16C}") = "docker-compose", "docker-compose.dcproj", "{2F73B6A2-4E8F-4B4D-81B5-7802CDB09BE0}"
EndProject
Project("{2150E333-8FDC-42A3-9474-1A3956D46DE8}") = "Solution Items", "Solution Items", "{8F04457B-28EF-41F9-A2B1-2431B2EADC84}"
	ProjectSection(SolutionItems) = preProject
		.gitignore = .gitignore
	EndProjectSection
EndProject
Project("{9092AA53-FB77-4645-B42D-1CCCA6BD08BD}") = "kicktrunk.client", "..\kicktrunk.client\kicktrunk.client.njsproj", "{B298904D-848F-47ED-BF9D-63B801E3AC08}"
EndProject
Global
	GlobalSection(SolutionConfigurationPlatforms) = preSolution
		Debug|Any CPU = Debug|Any CPU
		Release|Any CPU = Release|Any CPU
	EndGlobalSection
	GlobalSection(ProjectConfigurationPlatforms) = postSolution
		{9438CE9D-F986-4119-AFA1-1EF202240081}.Debug|Any CPU.ActiveCfg = Debug|Any CPU
		{9438CE9D-F986-4119-AFA1-1EF202240081}.Debug|Any CPU.Build.0 = Debug|Any CPU
		{9438CE9D-F986-4119-AFA1-1EF202240081}.Release|Any CPU.ActiveCfg = Release|Any CPU
		{9438CE9D-F986-4119-AFA1-1EF202240081}.Release|Any CPU.Build.0 = Release|Any CPU
		{2F73B6A2-4E8F-4B4D-81B5-7802CDB09BE0}.Debug|Any CPU.ActiveCfg = Debug|Any CPU
		{2F73B6A2-4E8F-4B4D-81B5-7802CDB09BE0}.Debug|Any CPU.Build.0 = Debug|Any CPU
		{2F73B6A2-4E8F-4B4D-81B5-7802CDB09BE0}.Release|Any CPU.ActiveCfg = Release|Any CPU
		{2F73B6A2-4E8F-4B4D-81B5-7802CDB09BE0}.Release|Any CPU.Build.0 = Release|Any CPU
		{B298904D-848F-47ED-BF9D-63B801E3AC08}.Debug|Any CPU.ActiveCfg = Debug|Any CPU
		{B298904D-848F-47ED-BF9D-63B801E3AC08}.Debug|Any CPU.Build.0 = Debug|Any CPU
		{B298904D-848F-47ED-BF9D-63B801E3AC08}.Release|Any CPU.ActiveCfg = Release|Any CPU
		{B298904D-848F-47ED-BF9D-63B801E3AC08}.Release|Any CPU.Build.0 = Release|Any CPU
	EndGlobalSection
	GlobalSection(SolutionProperties) = preSolution
		HideSolutionNode = FALSE
	EndGlobalSection
	GlobalSection(ExtensibilityGlobals) = postSolution
		SolutionGuid = {D0BA9DF1-0226-4D09-845E-BAA8A713C4A3}
	EndGlobalSection
EndGlobal
